// !$*UTF8*$!
{
	archiveVersion = 1;
	classes = {
	};
	objectVersion = 56;
	objects = {

/* Begin PBXBuildFile section */
		7A21D1F32C52E21300311A52 /* AppDelegate.swift in Sources */ = {isa = PBXBuildFile; fileRef = 7A21D1F22C52E21300311A52 /* AppDelegate.swift */; };
		7A21D1F52C52E21300311A52 /* SceneDelegate.swift in Sources */ = {isa = PBXBuildFile; fileRef = 7A21D1F42C52E21300311A52 /* SceneDelegate.swift */; };
		7A21D1F72C52E21300311A52 /* ViewController.swift in Sources */ = {isa = PBXBuildFile; fileRef = 7A21D1F62C52E21300311A52 /* ViewController.swift */; };
		7A21D1FA2C52E21300311A52 /* Main.storyboard in Resources */ = {isa = PBXBuildFile; fileRef = 7A21D1F82C52E21300311A52 /* Main.storyboard */; };
		7A21D1FC2C52E21500311A52 /* Assets.xcassets in Resources */ = {isa = PBXBuildFile; fileRef = 7A21D1FB2C52E21500311A52 /* Assets.xcassets */; };
		7A21D1FF2C52E21500311A52 /* LaunchScreen.storyboard in Resources */ = {isa = PBXBuildFile; fileRef = 7A21D1FD2C52E21500311A52 /* LaunchScreen.storyboard */; };
		7A21D2072C53F45D00311A52 /* GoogleService-Info.plist in Resources */ = {isa = PBXBuildFile; fileRef = 7A21D2062C53F45D00311A52 /* GoogleService-Info.plist */; };
		7A21D20A2C53F5F900311A52 /* FirebaseAnalytics in Frameworks */ = {isa = PBXBuildFile; productRef = 7A21D2092C53F5F900311A52 /* FirebaseAnalytics */; };
		7A21D20C2C53F5F900311A52 /* FirebaseAuth in Frameworks */ = {isa = PBXBuildFile; productRef = 7A21D20B2C53F5F900311A52 /* FirebaseAuth */; };
		7A21D20E2C53F5F900311A52 /* FirebaseFirestore in Frameworks */ = {isa = PBXBuildFile; productRef = 7A21D20D2C53F5F900311A52 /* FirebaseFirestore */; };
		7A21D2102C53F5F900311A52 /* FirebaseStorage in Frameworks */ = {isa = PBXBuildFile; productRef = 7A21D20F2C53F5F900311A52 /* FirebaseStorage */; };
		7A21D2122C53FFAA00311A52 /* HomeViewController.swift in Sources */ = {isa = PBXBuildFile; fileRef = 7A21D2112C53FFAA00311A52 /* HomeViewController.swift */; };
		7A21D2162C53FFCE00311A52 /* SettingsViewController.swift in Sources */ = {isa = PBXBuildFile; fileRef = 7A21D2152C53FFCE00311A52 /* SettingsViewController.swift */; };
		7A21D2182C54012100311A52 /* UploadViewController.swift in Sources */ = {isa = PBXBuildFile; fileRef = 7A21D2172C54012100311A52 /* UploadViewController.swift */; };
		7A21D21A2C540A1500311A52 /* LoginViewController.swift in Sources */ = {isa = PBXBuildFile; fileRef = 7A21D2192C540A1400311A52 /* LoginViewController.swift */; };
		7A21D21C2C540E1A00311A52 /* ErrorMiddleware.swift in Sources */ = {isa = PBXBuildFile; fileRef = 7A21D21B2C540E1A00311A52 /* ErrorMiddleware.swift */; };
/* End PBXBuildFile section */

/* Begin PBXFileReference section */
		7A21D1EF2C52E21300311A52 /* InstagramClone.app */ = {isa = PBXFileReference; explicitFileType = wrapper.application; includeInIndex = 0; path = InstagramClone.app; sourceTree = BUILT_PRODUCTS_DIR; };
		7A21D1F22C52E21300311A52 /* AppDelegate.swift */ = {isa = PBXFileReference; lastKnownFileType = sourcecode.swift; path = AppDelegate.swift; sourceTree = "<group>"; };
		7A21D1F42C52E21300311A52 /* SceneDelegate.swift */ = {isa = PBXFileReference; lastKnownFileType = sourcecode.swift; path = SceneDelegate.swift; sourceTree = "<group>"; };
		7A21D1F62C52E21300311A52 /* ViewController.swift */ = {isa = PBXFileReference; lastKnownFileType = sourcecode.swift; path = ViewController.swift; sourceTree = "<group>"; };
		7A21D1F92C52E21300311A52 /* Base */ = {isa = PBXFileReference; lastKnownFileType = file.storyboard; name = Base; path = Base.lproj/Main.storyboard; sourceTree = "<group>"; };
		7A21D1FB2C52E21500311A52 /* Assets.xcassets */ = {isa = PBXFileReference; lastKnownFileType = folder.assetcatalog; path = Assets.xcassets; sourceTree = "<group>"; };
		7A21D1FE2C52E21500311A52 /* Base */ = {isa = PBXFileReference; lastKnownFileType = file.storyboard; name = Base; path = Base.lproj/LaunchScreen.storyboard; sourceTree = "<group>"; };
		7A21D2002C52E21500311A52 /* Info.plist */ = {isa = PBXFileReference; lastKnownFileType = text.plist.xml; path = Info.plist; sourceTree = "<group>"; };
		7A21D2062C53F45D00311A52 /* GoogleService-Info.plist */ = {isa = PBXFileReference; fileEncoding = 4; lastKnownFileType = text.plist.xml; path = "GoogleService-Info.plist"; sourceTree = "<group>"; };
		7A21D2112C53FFAA00311A52 /* HomeViewController.swift */ = {isa = PBXFileReference; lastKnownFileType = sourcecode.swift; path = HomeViewController.swift; sourceTree = "<group>"; };
		7A21D2152C53FFCE00311A52 /* SettingsViewController.swift */ = {isa = PBXFileReference; lastKnownFileType = sourcecode.swift; path = SettingsViewController.swift; sourceTree = "<group>"; };
		7A21D2172C54012100311A52 /* UploadViewController.swift */ = {isa = PBXFileReference; lastKnownFileType = sourcecode.swift; path = UploadViewController.swift; sourceTree = "<group>"; };
		7A21D2192C540A1400311A52 /* LoginViewController.swift */ = {isa = PBXFileReference; lastKnownFileType = sourcecode.swift; path = LoginViewController.swift; sourceTree = "<group>"; };
		7A21D21B2C540E1A00311A52 /* ErrorMiddleware.swift */ = {isa = PBXFileReference; lastKnownFileType = sourcecode.swift; path = ErrorMiddleware.swift; sourceTree = "<group>"; };
/* End PBXFileReference section */

/* Begin PBXFrameworksBuildPhase section */
		7A21D1EC2C52E21300311A52 /* Frameworks */ = {
			isa = PBXFrameworksBuildPhase;
			buildActionMask = 2147483647;
			files = (
				7A21D20A2C53F5F900311A52 /* FirebaseAnalytics in Frameworks */,
				7A21D2102C53F5F900311A52 /* FirebaseStorage in Frameworks */,
				7A21D20C2C53F5F900311A52 /* FirebaseAuth in Frameworks */,
				7A21D20E2C53F5F900311A52 /* FirebaseFirestore in Frameworks */,
			);
			runOnlyForDeploymentPostprocessing = 0;
		};
/* End PBXFrameworksBuildPhase section */

/* Begin PBXGroup section */
		7A21D1E62C52E21200311A52 = {
			isa = PBXGroup;
			children = (
				7A21D1F12C52E21300311A52 /* InstagramClone */,
				7A21D1F02C52E21300311A52 /* Products */,
			);
			sourceTree = "<group>";
		};
		7A21D1F02C52E21300311A52 /* Products */ = {
			isa = PBXGroup;
			children = (
				7A21D1EF2C52E21300311A52 /* InstagramClone.app */,
			);
			name = Products;
			sourceTree = "<group>";
		};
		7A21D1F12C52E21300311A52 /* InstagramClone */ = {
			isa = PBXGroup;
			children = (
				7A21D1F22C52E21300311A52 /* AppDelegate.swift */,
				7A21D1F42C52E21300311A52 /* SceneDelegate.swift */,
				7A21D1F62C52E21300311A52 /* ViewController.swift */,
				7A21D1F82C52E21300311A52 /* Main.storyboard */,
				7A21D1FB2C52E21500311A52 /* Assets.xcassets */,
				7A21D1FD2C52E21500311A52 /* LaunchScreen.storyboard */,
				7A21D2002C52E21500311A52 /* Info.plist */,
				7A21D2062C53F45D00311A52 /* GoogleService-Info.plist */,
				7A21D2112C53FFAA00311A52 /* HomeViewController.swift */,
				7A21D2152C53FFCE00311A52 /* SettingsViewController.swift */,
				7A21D2172C54012100311A52 /* UploadViewController.swift */,
				7A21D2192C540A1400311A52 /* LoginViewController.swift */,
				7A21D21B2C540E1A00311A52 /* ErrorMiddleware.swift */,
			);
			path = InstagramClone;
			sourceTree = "<group>";
		};
/* End PBXGroup section */

/* Begin PBXNativeTarget section */
		7A21D1EE2C52E21300311A52 /* InstagramClone */ = {
			isa = PBXNativeTarget;
			buildConfigurationList = 7A21D2032C52E21500311A52 /* Build configuration list for PBXNativeTarget "InstagramClone" */;
			buildPhases = (
				7A21D1EB2C52E21300311A52 /* Sources */,
				7A21D1EC2C52E21300311A52 /* Frameworks */,
				7A21D1ED2C52E21300311A52 /* Resources */,
			);
			buildRules = (
			);
			dependencies = (
			);
			name = InstagramClone;
			packageProductDependencies = (
				7A21D2092C53F5F900311A52 /* FirebaseAnalytics */,
				7A21D20B2C53F5F900311A52 /* FirebaseAuth */,
				7A21D20D2C53F5F900311A52 /* FirebaseFirestore */,
				7A21D20F2C53F5F900311A52 /* FirebaseStorage */,
			);
			productName = InstagramClone;
			productReference = 7A21D1EF2C52E21300311A52 /* InstagramClone.app */;
			productType = "com.apple.product-type.application";
		};
/* End PBXNativeTarget section */

/* Begin PBXProject section */
		7A21D1E72C52E21200311A52 /* Project object */ = {
			isa = PBXProject;
			attributes = {
				BuildIndependentTargetsInParallel = 1;
				LastSwiftUpdateCheck = 1520;
				LastUpgradeCheck = 1520;
				TargetAttributes = {
					7A21D1EE2C52E21300311A52 = {
						CreatedOnToolsVersion = 15.2;
					};
				};
			};
			buildConfigurationList = 7A21D1EA2C52E21200311A52 /* Build configuration list for PBXProject "InstagramClone" */;
			compatibilityVersion = "Xcode 14.0";
			developmentRegion = en;
			hasScannedForEncodings = 0;
			knownRegions = (
				en,
				Base,
			);
			mainGroup = 7A21D1E62C52E21200311A52;
			packageReferences = (
				7A21D2082C53F5F900311A52 /* XCRemoteSwiftPackageReference "firebase-ios-sdk" */,
			);
			productRefGroup = 7A21D1F02C52E21300311A52 /* Products */;
			projectDirPath = "";
			projectRoot = "";
			targets = (
				7A21D1EE2C52E21300311A52 /* InstagramClone */,
			);
		};
/* End PBXProject section */

/* Begin PBXResourcesBuildPhase section */
		7A21D1ED2C52E21300311A52 /* Resources */ = {
			isa = PBXResourcesBuildPhase;
			buildActionMask = 2147483647;
			files = (
				7A21D1FF2C52E21500311A52 /* LaunchScreen.storyboard in Resources */,
				7A21D2072C53F45D00311A52 /* GoogleService-Info.plist in Resources */,
				7A21D1FC2C52E21500311A52 /* Assets.xcassets in Resources */,
				7A21D1FA2C52E21300311A52 /* Main.storyboard in Resources */,
			);
			runOnlyForDeploymentPostprocessing = 0;
		};
/* End PBXResourcesBuildPhase section */

/* Begin PBXSourcesBuildPhase section */
		7A21D1EB2C52E21300311A52 /* Sources */ = {
			isa = PBXSourcesBuildPhase;
			buildActionMask = 2147483647;
			files = (
				7A21D21C2C540E1A00311A52 /* ErrorMiddleware.swift in Sources */,
				7A21D21A2C540A1500311A52 /* LoginViewController.swift in Sources */,
				7A21D1F72C52E21300311A52 /* ViewController.swift in Sources */,
				7A21D2182C54012100311A52 /* UploadViewController.swift in Sources */,
				7A21D1F32C52E21300311A52 /* AppDelegate.swift in Sources */,
				7A21D1F52C52E21300311A52 /* SceneDelegate.swift in Sources */,
				7A21D2122C53FFAA00311A52 /* HomeViewController.swift in Sources */,
				7A21D2162C53FFCE00311A52 /* SettingsViewController.swift in Sources */,
			);
			runOnlyForDeploymentPostprocessing = 0;
		};
/* End PBXSourcesBuildPhase section */

/* Begin PBXVariantGroup section */
		7A21D1F82C52E21300311A52 /* Main.storyboard */ = {
			isa = PBXVariantGroup;
			children = (
				7A21D1F92C52E21300311A52 /* Base */,
			);
			name = Main.storyboard;
			sourceTree = "<group>";
		};
		7A21D1FD2C52E21500311A52 /* LaunchScreen.storyboard */ = {
			isa = PBXVariantGroup;
			children = (
				7A21D1FE2C52E21500311A52 /* Base */,
			);
			name = LaunchScreen.storyboard;
			sourceTree = "<group>";
		};
/* End PBXVariantGroup section */

/* Begin XCBuildConfiguration section */
		7A21D2012C52E21500311A52 /* Debug */ = {
			isa = XCBuildConfiguration;
			buildSettings = {
				ALWAYS_SEARCH_USER_PATHS = NO;
				ASSETCATALOG_COMPILER_GENERATE_SWIFT_ASSET_SYMBOL_EXTENSIONS = YES;
				CLANG_ANALYZER_NONNULL = YES;
				CLANG_ANALYZER_NUMBER_OBJECT_CONVERSION = YES_AGGRESSIVE;
				CLANG_CXX_LANGUAGE_STANDARD = "gnu++20";
				CLANG_ENABLE_MODULES = YES;
				CLANG_ENABLE_OBJC_ARC = YES;
				CLANG_ENABLE_OBJC_WEAK = YES;
				CLANG_WARN_BLOCK_CAPTURE_AUTORELEASING = YES;
				CLANG_WARN_BOOL_CONVERSION = YES;
				CLANG_WARN_COMMA = YES;
				CLANG_WARN_CONSTANT_CONVERSION = YES;
				CLANG_WARN_DEPRECATED_OBJC_IMPLEMENTATIONS = YES;
				CLANG_WARN_DIRECT_OBJC_ISA_USAGE = YES_ERROR;
				CLANG_WARN_DOCUMENTATION_COMMENTS = YES;
				CLANG_WARN_EMPTY_BODY = YES;
				CLANG_WARN_ENUM_CONVERSION = YES;
				CLANG_WARN_INFINITE_RECURSION = YES;
				CLANG_WARN_INT_CONVERSION = YES;
				CLANG_WARN_NON_LITERAL_NULL_CONVERSION = YES;
				CLANG_WARN_OBJC_IMPLICIT_RETAIN_SELF = YES;
				CLANG_WARN_OBJC_LITERAL_CONVERSION = YES;
				CLANG_WARN_OBJC_ROOT_CLASS = YES_ERROR;
				CLANG_WARN_QUOTED_INCLUDE_IN_FRAMEWORK_HEADER = YES;
				CLANG_WARN_RANGE_LOOP_ANALYSIS = YES;
				CLANG_WARN_STRICT_PROTOTYPES = YES;
				CLANG_WARN_SUSPICIOUS_MOVE = YES;
				CLANG_WARN_UNGUARDED_AVAILABILITY = YES_AGGRESSIVE;
				CLANG_WARN_UNREACHABLE_CODE = YES;
				CLANG_WARN__DUPLICATE_METHOD_MATCH = YES;
				COPY_PHASE_STRIP = NO;
				DEBUG_INFORMATION_FORMAT = dwarf;
				ENABLE_STRICT_OBJC_MSGSEND = YES;
				ENABLE_TESTABILITY = YES;
				ENABLE_USER_SCRIPT_SANDBOXING = YES;
				GCC_C_LANGUAGE_STANDARD = gnu17;
				GCC_DYNAMIC_NO_PIC = NO;
				GCC_NO_COMMON_BLOCKS = YES;
				GCC_OPTIMIZATION_LEVEL = 0;
				GCC_PREPROCESSOR_DEFINITIONS = (
					"DEBUG=1",
					"$(inherited)",
				);
				GCC_WARN_64_TO_32_BIT_CONVERSION = YES;
				GCC_WARN_ABOUT_RETURN_TYPE = YES_ERROR;
				GCC_WARN_UNDECLARED_SELECTOR = YES;
				GCC_WARN_UNINITIALIZED_AUTOS = YES_AGGRESSIVE;
				GCC_WARN_UNUSED_FUNCTION = YES;
				GCC_WARN_UNUSED_VARIABLE = YES;
				IPHONEOS_DEPLOYMENT_TARGET = 17.2;
				LOCALIZATION_PREFERS_STRING_CATALOGS = YES;
				MTL_ENABLE_DEBUG_INFO = INCLUDE_SOURCE;
				MTL_FAST_MATH = YES;
				ONLY_ACTIVE_ARCH = YES;
				SDKROOT = iphoneos;
				SWIFT_ACTIVE_COMPILATION_CONDITIONS = "DEBUG $(inherited)";
				SWIFT_OPTIMIZATION_LEVEL = "-Onone";
			};
			name = Debug;
		};
		7A21D2022C52E21500311A52 /* Release */ = {
			isa = XCBuildConfiguration;
			buildSettings = {
				ALWAYS_SEARCH_USER_PATHS = NO;
				ASSETCATALOG_COMPILER_GENERATE_SWIFT_ASSET_SYMBOL_EXTENSIONS = YES;
				CLANG_ANALYZER_NONNULL = YES;
				CLANG_ANALYZER_NUMBER_OBJECT_CONVERSION = YES_AGGRESSIVE;
				CLANG_CXX_LANGUAGE_STANDARD = "gnu++20";
				CLANG_ENABLE_MODULES = YES;
				CLANG_ENABLE_OBJC_ARC = YES;
				CLANG_ENABLE_OBJC_WEAK = YES;
				CLANG_WARN_BLOCK_CAPTURE_AUTORELEASING = YES;
				CLANG_WARN_BOOL_CONVERSION = YES;
				CLANG_WARN_COMMA = YES;
				CLANG_WARN_CONSTANT_CONVERSION = YES;
				CLANG_WARN_DEPRECATED_OBJC_IMPLEMENTATIONS = YES;
				CLANG_WARN_DIRECT_OBJC_ISA_USAGE = YES_ERROR;
				CLANG_WARN_DOCUMENTATION_COMMENTS = YES;
				CLANG_WARN_EMPTY_BODY = YES;
				CLANG_WARN_ENUM_CONVERSION = YES;
				CLANG_WARN_INFINITE_RECURSION = YES;
				CLANG_WARN_INT_CONVERSION = YES;
				CLANG_WARN_NON_LITERAL_NULL_CONVERSION = YES;
				CLANG_WARN_OBJC_IMPLICIT_RETAIN_SELF = YES;
				CLANG_WARN_OBJC_LITERAL_CONVERSION = YES;
				CLANG_WARN_OBJC_ROOT_CLASS = YES_ERROR;
				CLANG_WARN_QUOTED_INCLUDE_IN_FRAMEWORK_HEADER = YES;
				CLANG_WARN_RANGE_LOOP_ANALYSIS = YES;
				CLANG_WARN_STRICT_PROTOTYPES = YES;
				CLANG_WARN_SUSPICIOUS_MOVE = YES;
				CLANG_WARN_UNGUARDED_AVAILABILITY = YES_AGGRESSIVE;
				CLANG_WARN_UNREACHABLE_CODE = YES;
				CLANG_WARN__DUPLICATE_METHOD_MATCH = YES;
				COPY_PHASE_STRIP = NO;
				DEBUG_INFORMATION_FORMAT = "dwarf-with-dsym";
				ENABLE_NS_ASSERTIONS = NO;
				ENABLE_STRICT_OBJC_MSGSEND = YES;
				ENABLE_USER_SCRIPT_SANDBOXING = YES;
				GCC_C_LANGUAGE_STANDARD = gnu17;
				GCC_NO_COMMON_BLOCKS = YES;
				GCC_WARN_64_TO_32_BIT_CONVERSION = YES;
				GCC_WARN_ABOUT_RETURN_TYPE = YES_ERROR;
				GCC_WARN_UNDECLARED_SELECTOR = YES;
				GCC_WARN_UNINITIALIZED_AUTOS = YES_AGGRESSIVE;
				GCC_WARN_UNUSED_FUNCTION = YES;
				GCC_WARN_UNUSED_VARIABLE = YES;
				IPHONEOS_DEPLOYMENT_TARGET = 17.2;
				LOCALIZATION_PREFERS_STRING_CATALOGS = YES;
				MTL_ENABLE_DEBUG_INFO = NO;
				MTL_FAST_MATH = YES;
				SDKROOT = iphoneos;
				SWIFT_COMPILATION_MODE = wholemodule;
				VALIDATE_PRODUCT = YES;
			};
			name = Release;
		};
		7A21D2042C52E21500311A52 /* Debug */ = {
			isa = XCBuildConfiguration;
			buildSettings = {
				ASSETCATALOG_COMPILER_APPICON_NAME = AppIcon;
				ASSETCATALOG_COMPILER_GLOBAL_ACCENT_COLOR_NAME = AccentColor;
				CODE_SIGN_STYLE = Automatic;
				CURRENT_PROJECT_VERSION = 1;
				GENERATE_INFOPLIST_FILE = YES;
				INFOPLIST_FILE = InstagramClone/Info.plist;
				INFOPLIST_KEY_UIApplicationSupportsIndirectInputEvents = YES;
				INFOPLIST_KEY_UILaunchStoryboardName = LaunchScreen;
				INFOPLIST_KEY_UIMainStoryboardFile = Main;
				INFOPLIST_KEY_UISupportedInterfaceOrientations_iPad = "UIInterfaceOrientationPortrait UIInterfaceOrientationPortraitUpsideDown UIInterfaceOrientationLandscapeLeft UIInterfaceOrientationLandscapeRight";
				INFOPLIST_KEY_UISupportedInterfaceOrientations_iPhone = "UIInterfaceOrientationPortrait UIInterfaceOrientationLandscapeLeft UIInterfaceOrientationLandscapeRight";
				LD_RUNPATH_SEARCH_PATHS = (
					"$(inherited)",
					"@executable_path/Frameworks",
				);
				MARKETING_VERSION = 1.0;
				PRODUCT_BUNDLE_IDENTIFIER = com.s3limm.InstagramClone;
				PRODUCT_NAME = "$(TARGET_NAME)";
				SWIFT_EMIT_LOC_STRINGS = YES;
				SWIFT_VERSION = 5.0;
				TARGETED_DEVICE_FAMILY = "1,2";
			};
			name = Debug;
		};
		7A21D2052C52E21500311A52 /* Release */ = {
			isa = XCBuildConfiguration;
			buildSettings = {
				ASSETCATALOG_COMPILER_APPICON_NAME = AppIcon;
				ASSETCATALOG_COMPILER_GLOBAL_ACCENT_COLOR_NAME = AccentColor;
				CODE_SIGN_STYLE = Automatic;
				CURRENT_PROJECT_VERSION = 1;
				GENERATE_INFOPLIST_FILE = YES;
				INFOPLIST_FILE = InstagramClone/Info.plist;
				INFOPLIST_KEY_UIApplicationSupportsIndirectInputEvents = YES;
				INFOPLIST_KEY_UILaunchStoryboardName = LaunchScreen;
				INFOPLIST_KEY_UIMainStoryboardFile = Main;
				INFOPLIST_KEY_UISupportedInterfaceOrientations_iPad = "UIInterfaceOrientationPortrait UIInterfaceOrientationPortraitUpsideDown UIInterfaceOrientationLandscapeLeft UIInterfaceOrientationLandscapeRight";
				INFOPLIST_KEY_UISupportedInterfaceOrientations_iPhone = "UIInterfaceOrientationPortrait UIInterfaceOrientationLandscapeLeft UIInterfaceOrientationLandscapeRight";
				LD_RUNPATH_SEARCH_PATHS = (
					"$(inherited)",
					"@executable_path/Frameworks",
				);
				MARKETING_VERSION = 1.0;
				PRODUCT_BUNDLE_IDENTIFIER = com.s3limm.InstagramClone;
				PRODUCT_NAME = "$(TARGET_NAME)";
				SWIFT_EMIT_LOC_STRINGS = YES;
				SWIFT_VERSION = 5.0;
				TARGETED_DEVICE_FAMILY = "1,2";
			};
			name = Release;
		};
/* End XCBuildConfiguration section */

/* Begin XCConfigurationList section */
		7A21D1EA2C52E21200311A52 /* Build configuration list for PBXProject "InstagramClone" */ = {
			isa = XCConfigurationList;
			buildConfigurations = (
				7A21D2012C52E21500311A52 /* Debug */,
				7A21D2022C52E21500311A52 /* Release */,
			);
			defaultConfigurationIsVisible = 0;
			defaultConfigurationName = Release;
		};
		7A21D2032C52E21500311A52 /* Build configuration list for PBXNativeTarget "InstagramClone" */ = {
			isa = XCConfigurationList;
			buildConfigurations = (
				7A21D2042C52E21500311A52 /* Debug */,
				7A21D2052C52E21500311A52 /* Release */,
			);
			defaultConfigurationIsVisible = 0;
			defaultConfigurationName = Release;
		};
/* End XCConfigurationList section */

/* Begin XCRemoteSwiftPackageReference section */
		7A21D2082C53F5F900311A52 /* XCRemoteSwiftPackageReference "firebase-ios-sdk" */ = {
			isa = XCRemoteSwiftPackageReference;
			repositoryURL = "https://github.com/firebase/firebase-ios-sdk";
			requirement = {
				kind = upToNextMajorVersion;
				minimumVersion = 10.29.0;
			};
		};
/* End XCRemoteSwiftPackageReference section */

/* Begin XCSwiftPackageProductDependency section */
		7A21D2092C53F5F900311A52 /* FirebaseAnalytics */ = {
			isa = XCSwiftPackageProductDependency;
			package = 7A21D2082C53F5F900311A52 /* XCRemoteSwiftPackageReference "firebase-ios-sdk" */;
			productName = FirebaseAnalytics;
		};
		7A21D20B2C53F5F900311A52 /* FirebaseAuth */ = {
			isa = XCSwiftPackageProductDependency;
			package = 7A21D2082C53F5F900311A52 /* XCRemoteSwiftPackageReference "firebase-ios-sdk" */;
			productName = FirebaseAuth;
		};
		7A21D20D2C53F5F900311A52 /* FirebaseFirestore */ = {
			isa = XCSwiftPackageProductDependency;
			package = 7A21D2082C53F5F900311A52 /* XCRemoteSwiftPackageReference "firebase-ios-sdk" */;
			productName = FirebaseFirestore;
		};
		7A21D20F2C53F5F900311A52 /* FirebaseStorage */ = {
			isa = XCSwiftPackageProductDependency;
			package = 7A21D2082C53F5F900311A52 /* XCRemoteSwiftPackageReference "firebase-ios-sdk" */;
			productName = FirebaseStorage;
		};
/* End XCSwiftPackageProductDependency section */
	};
	rootObject = 7A21D1E72C52E21200311A52 /* Project object */;
}
